
Microsoft Visual Studio Solution File, Format Version 12.00
# Visual Studio Version 17
VisualStudioVersion = 17.12.35506.116 d17.12
MinimumVisualStudioVersion = 10.0.40219.1
Project("{FAE04EC0-301F-11D3-BF4B-00C04F79EFBC}") = "autok", "autok\autok.csproj", "{51B96938-C16C-4C63-A15E-7CF2F50F24AA}"
EndProject
Project("{FAE04EC0-301F-11D3-BF4B-00C04F79EFBC}") = "DataAccess", "DataAccess\DataAccess.csproj", "{4959D414-8663-4751-B2A4-6C124171657A}"
EndProject
Project("{FAE04EC0-301F-11D3-BF4B-00C04F79EFBC}") = "autoApp", "autoApp\autoApp.csproj", "{FCB35065-E60D-4FDA-859A-7E28EE12AD67}"
EndProject
Global
	GlobalSection(SolutionConfigurationPlatforms) = preSolution
		Debug|Any CPU = Debug|Any CPU
		Release|Any CPU = Release|Any CPU
	EndGlobalSection
	GlobalSection(ProjectConfigurationPlatforms) = postSolution
		{51B96938-C16C-4C63-A15E-7CF2F50F24AA}.Debug|Any CPU.ActiveCfg = Debug|Any CPU
		{51B96938-C16C-4C63-A15E-7CF2F50F24AA}.Debug|Any CPU.Build.0 = Debug|Any CPU
		{51B96938-C16C-4C63-A15E-7CF2F50F24AA}.Release|Any CPU.ActiveCfg = Release|Any CPU
		{51B96938-C16C-4C63-A15E-7CF2F50F24AA}.Release|Any CPU.Build.0 = Release|Any CPU
		{4959D414-8663-4751-B2A4-6C124171657A}.Debug|Any CPU.ActiveCfg = Debug|Any CPU
		{4959D414-8663-4751-B2A4-6C124171657A}.Debug|Any CPU.Build.0 = Debug|Any CPU
		{4959D414-8663-4751-B2A4-6C124171657A}.Release|Any CPU.ActiveCfg = Release|Any CPU
		{4959D414-8663-4751-B2A4-6C124171657A}.Release|Any CPU.Build.0 = Release|Any CPU
		{FCB35065-E60D-4FDA-859A-7E28EE12AD67}.Debug|Any CPU.ActiveCfg = Debug|Any CPU
		{FCB35065-E60D-4FDA-859A-7E28EE12AD67}.Debug|Any CPU.Build.0 = Debug|Any CPU
		{FCB35065-E60D-4FDA-859A-7E28EE12AD67}.Release|Any CPU.ActiveCfg = Release|Any CPU
		{FCB35065-E60D-4FDA-859A-7E28EE12AD67}.Release|Any CPU.Build.0 = Release|Any CPU
	EndGlobalSection
	GlobalSection(SolutionProperties) = preSolution
		HideSolutionNode = FALSE
	EndGlobalSection
EndGlobal
